// !$*UTF8*$!
{
	archiveVersion = 1;
	classes = {
	};
	objectVersion = 50;
	objects = {

/* Begin PBXBuildFile section */
		9F642481240ED11400EC970A /* AppDelegate.swift in Sources */ = {isa = PBXBuildFile; fileRef = 9F642480240ED11400EC970A /* AppDelegate.swift */; };
		9F642483240ED11400EC970A /* SceneDelegate.swift in Sources */ = {isa = PBXBuildFile; fileRef = 9F642482240ED11400EC970A /* SceneDelegate.swift */; };
		9F642485240ED11400EC970A /* ViewController.swift in Sources */ = {isa = PBXBuildFile; fileRef = 9F642484240ED11400EC970A /* ViewController.swift */; };
		9F642488240ED11400EC970A /* Main.storyboard in Resources */ = {isa = PBXBuildFile; fileRef = 9F642486240ED11400EC970A /* Main.storyboard */; };
		9F64248A240ED11A00EC970A /* Assets.xcassets in Resources */ = {isa = PBXBuildFile; fileRef = 9F642489240ED11A00EC970A /* Assets.xcassets */; };
		9F64248D240ED11A00EC970A /* LaunchScreen.storyboard in Resources */ = {isa = PBXBuildFile; fileRef = 9F64248B240ED11A00EC970A /* LaunchScreen.storyboard */; };
		9F642498240ED11B00EC970A /* ShakeAnimationTests.swift in Sources */ = {isa = PBXBuildFile; fileRef = 9F642497240ED11B00EC970A /* ShakeAnimationTests.swift */; };
		9F6424A3240ED11B00EC970A /* ShakeAnimationUITests.swift in Sources */ = {isa = PBXBuildFile; fileRef = 9F6424A2240ED11B00EC970A /* ShakeAnimationUITests.swift */; };
/* End PBXBuildFile section */

/* Begin PBXContainerItemProxy section */
		9F642494240ED11B00EC970A /* PBXContainerItemProxy */ = {
			isa = PBXContainerItemProxy;
			containerPortal = 9F642475240ED11400EC970A /* Project object */;
			proxyType = 1;
			remoteGlobalIDString = 9F64247C240ED11400EC970A;
			remoteInfo = ShakeAnimation;
		};
		9F64249F240ED11B00EC970A /* PBXContainerItemProxy */ = {
			isa = PBXContainerItemProxy;
			containerPortal = 9F642475240ED11400EC970A /* Project object */;
			proxyType = 1;
			remoteGlobalIDString = 9F64247C240ED11400EC970A;
			remoteInfo = ShakeAnimation;
		};
/* End PBXContainerItemProxy section */

/* Begin PBXFileReference section */
		9F64247D240ED11400EC970A /* ShakeAnimation.app */ = {isa = PBXFileReference; explicitFileType = wrapper.application; includeInIndex = 0; path = ShakeAnimation.app; sourceTree = BUILT_PRODUCTS_DIR; };
		9F642480240ED11400EC970A /* AppDelegate.swift */ = {isa = PBXFileReference; lastKnownFileType = sourcecode.swift; path = AppDelegate.swift; sourceTree = "<group>"; };
		9F642482240ED11400EC970A /* SceneDelegate.swift */ = {isa = PBXFileReference; lastKnownFileType = sourcecode.swift; path = SceneDelegate.swift; sourceTree = "<group>"; };
		9F642484240ED11400EC970A /* ViewController.swift */ = {isa = PBXFileReference; lastKnownFileType = sourcecode.swift; path = ViewController.swift; sourceTree = "<group>"; };
		9F642487240ED11400EC970A /* Base */ = {isa = PBXFileReference; lastKnownFileType = file.storyboard; name = Base; path = Base.lproj/Main.storyboard; sourceTree = "<group>"; };
		9F642489240ED11A00EC970A /* Assets.xcassets */ = {isa = PBXFileReference; lastKnownFileType = folder.assetcatalog; path = Assets.xcassets; sourceTree = "<group>"; };
		9F64248C240ED11A00EC970A /* Base */ = {isa = PBXFileReference; lastKnownFileType = file.storyboard; name = Base; path = Base.lproj/LaunchScreen.storyboard; sourceTree = "<group>"; };
		9F64248E240ED11A00EC970A /* Info.plist */ = {isa = PBXFileReference; lastKnownFileType = text.plist.xml; path = Info.plist; sourceTree = "<group>"; };
		9F642493240ED11B00EC970A /* ShakeAnimationTests.xctest */ = {isa = PBXFileReference; explicitFileType = wrapper.cfbundle; includeInIndex = 0; path = ShakeAnimationTests.xctest; sourceTree = BUILT_PRODUCTS_DIR; };
		9F642497240ED11B00EC970A /* ShakeAnimationTests.swift */ = {isa = PBXFileReference; lastKnownFileType = sourcecode.swift; path = ShakeAnimationTests.swift; sourceTree = "<group>"; };
		9F642499240ED11B00EC970A /* Info.plist */ = {isa = PBXFileReference; lastKnownFileType = text.plist.xml; path = Info.plist; sourceTree = "<group>"; };
		9F64249E240ED11B00EC970A /* ShakeAnimationUITests.xctest */ = {isa = PBXFileReference; explicitFileType = wrapper.cfbundle; includeInIndex = 0; path = ShakeAnimationUITests.xctest; sourceTree = BUILT_PRODUCTS_DIR; };
		9F6424A2240ED11B00EC970A /* ShakeAnimationUITests.swift */ = {isa = PBXFileReference; lastKnownFileType = sourcecode.swift; path = ShakeAnimationUITests.swift; sourceTree = "<group>"; };
		9F6424A4240ED11B00EC970A /* Info.plist */ = {isa = PBXFileReference; lastKnownFileType = text.plist.xml; path = Info.plist; sourceTree = "<group>"; };
/* End PBXFileReference section */

/* Begin PBXFrameworksBuildPhase section */
		9F64247A240ED11400EC970A /* Frameworks */ = {
			isa = PBXFrameworksBuildPhase;
			buildActionMask = 2147483647;
			files = (
			);
			runOnlyForDeploymentPostprocessing = 0;
		};
		9F642490240ED11B00EC970A /* Frameworks */ = {
			isa = PBXFrameworksBuildPhase;
			buildActionMask = 2147483647;
			files = (
			);
			runOnlyForDeploymentPostprocessing = 0;
		};
		9F64249B240ED11B00EC970A /* Frameworks */ = {
			isa = PBXFrameworksBuildPhase;
			buildActionMask = 2147483647;
			files = (
			);
			runOnlyForDeploymentPostprocessing = 0;
		};
/* End PBXFrameworksBuildPhase section */

/* Begin PBXGroup section */
		9F642474240ED11400EC970A = {
			isa = PBXGroup;
			children = (
				9F64247F240ED11400EC970A /* ShakeAnimation */,
				9F642496240ED11B00EC970A /* ShakeAnimationTests */,
				9F6424A1240ED11B00EC970A /* ShakeAnimationUITests */,
				9F64247E240ED11400EC970A /* Products */,
			);
			sourceTree = "<group>";
		};
		9F64247E240ED11400EC970A /* Products */ = {
			isa = PBXGroup;
			children = (
				9F64247D240ED11400EC970A /* ShakeAnimation.app */,
				9F642493240ED11B00EC970A /* ShakeAnimationTests.xctest */,
				9F64249E240ED11B00EC970A /* ShakeAnimationUITests.xctest */,
			);
			name = Products;
			sourceTree = "<group>";
		};
		9F64247F240ED11400EC970A /* ShakeAnimation */ = {
			isa = PBXGroup;
			children = (
				9F642480240ED11400EC970A /* AppDelegate.swift */,
				9F642482240ED11400EC970A /* SceneDelegate.swift */,
				9F642484240ED11400EC970A /* ViewController.swift */,
				9F642486240ED11400EC970A /* Main.storyboard */,
				9F642489240ED11A00EC970A /* Assets.xcassets */,
				9F64248B240ED11A00EC970A /* LaunchScreen.storyboard */,
				9F64248E240ED11A00EC970A /* Info.plist */,
			);
			path = ShakeAnimation;
			sourceTree = "<group>";
		};
		9F642496240ED11B00EC970A /* ShakeAnimationTests */ = {
			isa = PBXGroup;
			children = (
				9F642497240ED11B00EC970A /* ShakeAnimationTests.swift */,
				9F642499240ED11B00EC970A /* Info.plist */,
			);
			path = ShakeAnimationTests;
			sourceTree = "<group>";
		};
		9F6424A1240ED11B00EC970A /* ShakeAnimationUITests */ = {
			isa = PBXGroup;
			children = (
				9F6424A2240ED11B00EC970A /* ShakeAnimationUITests.swift */,
				9F6424A4240ED11B00EC970A /* Info.plist */,
			);
			path = ShakeAnimationUITests;
			sourceTree = "<group>";
		};
/* End PBXGroup section */

/* Begin PBXNativeTarget section */
		9F64247C240ED11400EC970A /* ShakeAnimation */ = {
			isa = PBXNativeTarget;
			buildConfigurationList = 9F6424A7240ED11B00EC970A /* Build configuration list for PBXNativeTarget "ShakeAnimation" */;
			buildPhases = (
				9F642479240ED11400EC970A /* Sources */,
				9F64247A240ED11400EC970A /* Frameworks */,
				9F64247B240ED11400EC970A /* Resources */,
			);
			buildRules = (
			);
			dependencies = (
			);
			name = ShakeAnimation;
			productName = ShakeAnimation;
			productReference = 9F64247D240ED11400EC970A /* ShakeAnimation.app */;
			productType = "com.apple.product-type.application";
		};
		9F642492240ED11B00EC970A /* ShakeAnimationTests */ = {
			isa = PBXNativeTarget;
			buildConfigurationList = 9F6424AA240ED11B00EC970A /* Build configuration list for PBXNativeTarget "ShakeAnimationTests" */;
			buildPhases = (
				9F64248F240ED11B00EC970A /* Sources */,
				9F642490240ED11B00EC970A /* Frameworks */,
				9F642491240ED11B00EC970A /* Resources */,
			);
			buildRules = (
			);
			dependencies = (
				9F642495240ED11B00EC970A /* PBXTargetDependency */,
			);
			name = ShakeAnimationTests;
			productName = ShakeAnimationTests;
			productReference = 9F642493240ED11B00EC970A /* ShakeAnimationTests.xctest */;
			productType = "com.apple.product-type.bundle.unit-test";
		};
		9F64249D240ED11B00EC970A /* ShakeAnimationUITests */ = {
			isa = PBXNativeTarget;
			buildConfigurationList = 9F6424AD240ED11B00EC970A /* Build configuration list for PBXNativeTarget "ShakeAnimationUITests" */;
			buildPhases = (
				9F64249A240ED11B00EC970A /* Sources */,
				9F64249B240ED11B00EC970A /* Frameworks */,
				9F64249C240ED11B00EC970A /* Resources */,
			);
			buildRules = (
			);
			dependencies = (
				9F6424A0240ED11B00EC970A /* PBXTargetDependency */,
			);
			name = ShakeAnimationUITests;
			productName = ShakeAnimationUITests;
			productReference = 9F64249E240ED11B00EC970A /* ShakeAnimationUITests.xctest */;
			productType = "com.apple.product-type.bundle.ui-testing";
		};
/* End PBXNativeTarget section */

/* Begin PBXProject section */
		9F642475240ED11400EC970A /* Project object */ = {
			isa = PBXProject;
			attributes = {
				LastSwiftUpdateCheck = 1130;
				LastUpgradeCheck = 1130;
				ORGANIZATIONNAME = "Carlos Cordeiro";
				TargetAttributes = {
					9F64247C240ED11400EC970A = {
						CreatedOnToolsVersion = 11.3.1;
					};
					9F642492240ED11B00EC970A = {
						CreatedOnToolsVersion = 11.3.1;
						TestTargetID = 9F64247C240ED11400EC970A;
					};
					9F64249D240ED11B00EC970A = {
						CreatedOnToolsVersion = 11.3.1;
						TestTargetID = 9F64247C240ED11400EC970A;
					};
				};
			};
			buildConfigurationList = 9F642478240ED11400EC970A /* Build configuration list for PBXProject "ShakeAnimation" */;
			compatibilityVersion = "Xcode 9.3";
			developmentRegion = en;
			hasScannedForEncodings = 0;
			knownRegions = (
				en,
				Base,
			);
			mainGroup = 9F642474240ED11400EC970A;
			productRefGroup = 9F64247E240ED11400EC970A /* Products */;
			projectDirPath = "";
			projectRoot = "";
			targets = (
				9F64247C240ED11400EC970A /* ShakeAnimation */,
				9F642492240ED11B00EC970A /* ShakeAnimationTests */,
				9F64249D240ED11B00EC970A /* ShakeAnimationUITests */,
			);
		};
/* End PBXProject section */

/* Begin PBXResourcesBuildPhase section */
		9F64247B240ED11400EC970A /* Resources */ = {
			isa = PBXResourcesBuildPhase;
			buildActionMask = 2147483647;
			files = (
				9F64248D240ED11A00EC970A /* LaunchScreen.storyboard in Resources */,
				9F64248A240ED11A00EC970A /* Assets.xcassets in Resources */,
				9F642488240ED11400EC970A /* Main.storyboard in Resources */,
			);
			runOnlyForDeploymentPostprocessing = 0;
		};
		9F642491240ED11B00EC970A /* Resources */ = {
			isa = PBXResourcesBuildPhase;
			buildActionMask = 2147483647;
			files = (
			);
			runOnlyForDeploymentPostprocessing = 0;
		};
		9F64249C240ED11B00EC970A /* Resources */ = {
			isa = PBXResourcesBuildPhase;
			buildActionMask = 2147483647;
			files = (
			);
			runOnlyForDeploymentPostprocessing = 0;
		};
/* End PBXResourcesBuildPhase section */

/* Begin PBXSourcesBuildPhase section */
		9F642479240ED11400EC970A /* Sources */ = {
			isa = PBXSourcesBuildPhase;
			buildActionMask = 2147483647;
			files = (
				9F642485240ED11400EC970A /* ViewController.swift in Sources */,
				9F642481240ED11400EC970A /* AppDelegate.swift in Sources */,
				9F642483240ED11400EC970A /* SceneDelegate.swift in Sources */,
			);
			runOnlyForDeploymentPostprocessing = 0;
		};
		9F64248F240ED11B00EC970A /* Sources */ = {
			isa = PBXSourcesBuildPhase;
			buildActionMask = 2147483647;
			files = (
				9F642498240ED11B00EC970A /* ShakeAnimationTests.swift in Sources */,
			);
			runOnlyForDeploymentPostprocessing = 0;
		};
		9F64249A240ED11B00EC970A /* Sources */ = {
			isa = PBXSourcesBuildPhase;
			buildActionMask = 2147483647;
			files = (
				9F6424A3240ED11B00EC970A /* ShakeAnimationUITests.swift in Sources */,
			);
			runOnlyForDeploymentPostprocessing = 0;
		};
/* End PBXSourcesBuildPhase section */

/* Begin PBXTargetDependency section */
		9F642495240ED11B00EC970A /* PBXTargetDependency */ = {
			isa = PBXTargetDependency;
			target = 9F64247C240ED11400EC970A /* ShakeAnimation */;
			targetProxy = 9F642494240ED11B00EC970A /* PBXContainerItemProxy */;
		};
		9F6424A0240ED11B00EC970A /* PBXTargetDependency */ = {
			isa = PBXTargetDependency;
			target = 9F64247C240ED11400EC970A /* ShakeAnimation */;
			targetProxy = 9F64249F240ED11B00EC970A /* PBXContainerItemProxy */;
		};
/* End PBXTargetDependency section */

/* Begin PBXVariantGroup section */
		9F642486240ED11400EC970A /* Main.storyboard */ = {
			isa = PBXVariantGroup;
			children = (
				9F642487240ED11400EC970A /* Base */,
			);
			name = Main.storyboard;
			sourceTree = "<group>";
		};
		9F64248B240ED11A00EC970A /* LaunchScreen.storyboard */ = {
			isa = PBXVariantGroup;
			children = (
				9F64248C240ED11A00EC970A /* Base */,
			);
			name = LaunchScreen.storyboard;
			sourceTree = "<group>";
		};
/* End PBXVariantGroup section */

/* Begin XCBuildConfiguration section */
		9F6424A5240ED11B00EC970A /* Debug */ = {
			isa = XCBuildConfiguration;
			buildSettings = {
				ALWAYS_SEARCH_USER_PATHS = NO;
				CLANG_ANALYZER_NONNULL = YES;
				CLANG_ANALYZER_NUMBER_OBJECT_CONVERSION = YES_AGGRESSIVE;
				CLANG_CXX_LANGUAGE_STANDARD = "gnu++14";
				CLANG_CXX_LIBRARY = "libc++";
				CLANG_ENABLE_MODULES = YES;
				CLANG_ENABLE_OBJC_ARC = YES;
				CLANG_ENABLE_OBJC_WEAK = YES;
				CLANG_WARN_BLOCK_CAPTURE_AUTORELEASING = YES;
				CLANG_WARN_BOOL_CONVERSION = YES;
				CLANG_WARN_COMMA = YES;
				CLANG_WARN_CONSTANT_CONVERSION = YES;
				CLANG_WARN_DEPRECATED_OBJC_IMPLEMENTATIONS = YES;
				CLANG_WARN_DIRECT_OBJC_ISA_USAGE = YES_ERROR;
				CLANG_WARN_DOCUMENTATION_COMMENTS = YES;
				CLANG_WARN_EMPTY_BODY = YES;
				CLANG_WARN_ENUM_CONVERSION = YES;
				CLANG_WARN_INFINITE_RECURSION = YES;
				CLANG_WARN_INT_CONVERSION = YES;
				CLANG_WARN_NON_LITERAL_NULL_CONVERSION = YES;
				CLANG_WARN_OBJC_IMPLICIT_RETAIN_SELF = YES;
				CLANG_WARN_OBJC_LITERAL_CONVERSION = YES;
				CLANG_WARN_OBJC_ROOT_CLASS = YES_ERROR;
				CLANG_WARN_RANGE_LOOP_ANALYSIS = YES;
				CLANG_WARN_STRICT_PROTOTYPES = YES;
				CLANG_WARN_SUSPICIOUS_MOVE = YES;
				CLANG_WARN_UNGUARDED_AVAILABILITY = YES_AGGRESSIVE;
				CLANG_WARN_UNREACHABLE_CODE = YES;
				CLANG_WARN__DUPLICATE_METHOD_MATCH = YES;
				COPY_PHASE_STRIP = NO;
				DEBUG_INFORMATION_FORMAT = dwarf;
				ENABLE_STRICT_OBJC_MSGSEND = YES;
				ENABLE_TESTABILITY = YES;
				GCC_C_LANGUAGE_STANDARD = gnu11;
				GCC_DYNAMIC_NO_PIC = NO;
				GCC_NO_COMMON_BLOCKS = YES;
				GCC_OPTIMIZATION_LEVEL = 0;
				GCC_PREPROCESSOR_DEFINITIONS = (
					"DEBUG=1",
					"$(inherited)",
				);
				GCC_WARN_64_TO_32_BIT_CONVERSION = YES;
				GCC_WARN_ABOUT_RETURN_TYPE = YES_ERROR;
				GCC_WARN_UNDECLARED_SELECTOR = YES;
				GCC_WARN_UNINITIALIZED_AUTOS = YES_AGGRESSIVE;
				GCC_WARN_UNUSED_FUNCTION = YES;
				GCC_WARN_UNUSED_VARIABLE = YES;
				IPHONEOS_DEPLOYMENT_TARGET = 13.2;
				MTL_ENABLE_DEBUG_INFO = INCLUDE_SOURCE;
				MTL_FAST_MATH = YES;
				ONLY_ACTIVE_ARCH = YES;
				SDKROOT = iphoneos;
				SWIFT_ACTIVE_COMPILATION_CONDITIONS = DEBUG;
				SWIFT_OPTIMIZATION_LEVEL = "-Onone";
			};
			name = Debug;
		};
		9F6424A6240ED11B00EC970A /* Release */ = {
			isa = XCBuildConfiguration;
			buildSettings = {
				ALWAYS_SEARCH_USER_PATHS = NO;
				CLANG_ANALYZER_NONNULL = YES;
				CLANG_ANALYZER_NUMBER_OBJECT_CONVERSION = YES_AGGRESSIVE;
				CLANG_CXX_LANGUAGE_STANDARD = "gnu++14";
				CLANG_CXX_LIBRARY = "libc++";
				CLANG_ENABLE_MODULES = YES;
				CLANG_ENABLE_OBJC_ARC = YES;
				CLANG_ENABLE_OBJC_WEAK = YES;
				CLANG_WARN_BLOCK_CAPTURE_AUTORELEASING = YES;
				CLANG_WARN_BOOL_CONVERSION = YES;
				CLANG_WARN_COMMA = YES;
				CLANG_WARN_CONSTANT_CONVERSION = YES;
				CLANG_WARN_DEPRECATED_OBJC_IMPLEMENTATIONS = YES;
				CLANG_WARN_DIRECT_OBJC_ISA_USAGE = YES_ERROR;
				CLANG_WARN_DOCUMENTATION_COMMENTS = YES;
				CLANG_WARN_EMPTY_BODY = YES;
				CLANG_WARN_ENUM_CONVERSION = YES;
				CLANG_WARN_INFINITE_RECURSION = YES;
				CLANG_WARN_INT_CONVERSION = YES;
				CLANG_WARN_NON_LITERAL_NULL_CONVERSION = YES;
				CLANG_WARN_OBJC_IMPLICIT_RETAIN_SELF = YES;
				CLANG_WARN_OBJC_LITERAL_CONVERSION = YES;
				CLANG_WARN_OBJC_ROOT_CLASS = YES_ERROR;
				CLANG_WARN_RANGE_LOOP_ANALYSIS = YES;
				CLANG_WARN_STRICT_PROTOTYPES = YES;
				CLANG_WARN_SUSPICIOUS_MOVE = YES;
				CLANG_WARN_UNGUARDED_AVAILABILITY = YES_AGGRESSIVE;
				CLANG_WARN_UNREACHABLE_CODE = YES;
				CLANG_WARN__DUPLICATE_METHOD_MATCH = YES;
				COPY_PHASE_STRIP = NO;
				DEBUG_INFORMATION_FORMAT = "dwarf-with-dsym";
				ENABLE_NS_ASSERTIONS = NO;
				ENABLE_STRICT_OBJC_MSGSEND = YES;
				GCC_C_LANGUAGE_STANDARD = gnu11;
				GCC_NO_COMMON_BLOCKS = YES;
				GCC_WARN_64_TO_32_BIT_CONVERSION = YES;
				GCC_WARN_ABOUT_RETURN_TYPE = YES_ERROR;
				GCC_WARN_UNDECLARED_SELECTOR = YES;
				GCC_WARN_UNINITIALIZED_AUTOS = YES_AGGRESSIVE;
				GCC_WARN_UNUSED_FUNCTION = YES;
				GCC_WARN_UNUSED_VARIABLE = YES;
				IPHONEOS_DEPLOYMENT_TARGET = 13.2;
				MTL_ENABLE_DEBUG_INFO = NO;
				MTL_FAST_MATH = YES;
				SDKROOT = iphoneos;
				SWIFT_COMPILATION_MODE = wholemodule;
				SWIFT_OPTIMIZATION_LEVEL = "-O";
				VALIDATE_PRODUCT = YES;
			};
			name = Release;
		};
		9F6424A8240ED11B00EC970A /* Debug */ = {
			isa = XCBuildConfiguration;
			buildSettings = {
				ASSETCATALOG_COMPILER_APPICON_NAME = AppIcon;
				CODE_SIGN_STYLE = Automatic;
				DEVELOPMENT_TEAM = 9B73FVZ8L3;
				INFOPLIST_FILE = ShakeAnimation/Info.plist;
				LD_RUNPATH_SEARCH_PATHS = (
					"$(inherited)",
					"@executable_path/Frameworks",
				);
				PRODUCT_BUNDLE_IDENTIFIER = charlieLamb.ShakeAnimation;
				PRODUCT_NAME = "$(TARGET_NAME)";
				SWIFT_VERSION = 5.0;
				TARGETED_DEVICE_FAMILY = "1,2";
			};
			name = Debug;
		};
		9F6424A9240ED11B00EC970A /* Release */ = {
			isa = XCBuildConfiguration;
			buildSettings = {
				ASSETCATALOG_COMPILER_APPICON_NAME = AppIcon;
				CODE_SIGN_STYLE = Automatic;
				DEVELOPMENT_TEAM = 9B73FVZ8L3;
				INFOPLIST_FILE = ShakeAnimation/Info.plist;
				LD_RUNPATH_SEARCH_PATHS = (
					"$(inherited)",
					"@executable_path/Frameworks",
				);
				PRODUCT_BUNDLE_IDENTIFIER = charlieLamb.ShakeAnimation;
				PRODUCT_NAME = "$(TARGET_NAME)";
				SWIFT_VERSION = 5.0;
				TARGETED_DEVICE_FAMILY = "1,2";
			};
			name = Release;
		};
		9F6424AB240ED11B00EC970A /* Debug */ = {
			isa = XCBuildConfiguration;
			buildSettings = {
				ALWAYS_EMBED_SWIFT_STANDARD_LIBRARIES = YES;
				BUNDLE_LOADER = "$(TEST_HOST)";
				CODE_SIGN_STYLE = Automatic;
				DEVELOPMENT_TEAM = 9B73FVZ8L3;
				INFOPLIST_FILE = ShakeAnimationTests/Info.plist;
				IPHONEOS_DEPLOYMENT_TARGET = 13.2;
				LD_RUNPATH_SEARCH_PATHS = (
					"$(inherited)",
					"@executable_path/Frameworks",
					"@loader_path/Frameworks",
				);
				PRODUCT_BUNDLE_IDENTIFIER = charlieLamb.ShakeAnimationTests;
				PRODUCT_NAME = "$(TARGET_NAME)";
				SWIFT_VERSION = 5.0;
				TARGETED_DEVICE_FAMILY = "1,2";
				TEST_HOST = "$(BUILT_PRODUCTS_DIR)/ShakeAnimation.app/ShakeAnimation";
			};
			name = Debug;
		};
		9F6424AC240ED11B00EC970A /* Release */ = {
			isa = XCBuildConfiguration;
			buildSettings = {
				ALWAYS_EMBED_SWIFT_STANDARD_LIBRARIES = YES;
				BUNDLE_LOADER = "$(TEST_HOST)";
				CODE_SIGN_STYLE = Automatic;
				DEVELOPMENT_TEAM = 9B73FVZ8L3;
				INFOPLIST_FILE = ShakeAnimationTests/Info.plist;
				IPHONEOS_DEPLOYMENT_TARGET = 13.2;
				LD_RUNPATH_SEARCH_PATHS = (
					"$(inherited)",
					"@executable_path/Frameworks",
					"@loader_path/Frameworks",
				);
				PRODUCT_BUNDLE_IDENTIFIER = charlieLamb.ShakeAnimationTests;
				PRODUCT_NAME = "$(TARGET_NAME)";
				SWIFT_VERSION = 5.0;
				TARGETED_DEVICE_FAMILY = "1,2";
				TEST_HOST = "$(BUILT_PRODUCTS_DIR)/ShakeAnimation.app/ShakeAnimation";
			};
			name = Release;
		};
		9F6424AE240ED11B00EC970A /* Debug */ = {
			isa = XCBuildConfiguration;
			buildSettings = {
				ALWAYS_EMBED_SWIFT_STANDARD_LIBRARIES = YES;
				CODE_SIGN_STYLE = Automatic;
				DEVELOPMENT_TEAM = 9B73FVZ8L3;
				INFOPLIST_FILE = ShakeAnimationUITests/Info.plist;
				LD_RUNPATH_SEARCH_PATHS = (
					"$(inherited)",
					"@executable_path/Frameworks",
					"@loader_path/Frameworks",
				);
				PRODUCT_BUNDLE_IDENTIFIER = charlieLamb.ShakeAnimationUITests;
				PRODUCT_NAME = "$(TARGET_NAME)";
				SWIFT_VERSION = 5.0;
				TARGETED_DEVICE_FAMILY = "1,2";
				TEST_TARGET_NAME = ShakeAnimation;
			};
			name = Debug;
		};
		9F6424AF240ED11B00EC970A /* Release */ = {
			isa = XCBuildConfiguration;
			buildSettings = {
				ALWAYS_EMBED_SWIFT_STANDARD_LIBRARIES = YES;
				CODE_SIGN_STYLE = Automatic;
				DEVELOPMENT_TEAM = 9B73FVZ8L3;
				INFOPLIST_FILE = ShakeAnimationUITests/Info.plist;
				LD_RUNPATH_SEARCH_PATHS = (
					"$(inherited)",
					"@executable_path/Frameworks",
					"@loader_path/Frameworks",
				);
				PRODUCT_BUNDLE_IDENTIFIER = charlieLamb.ShakeAnimationUITests;
				PRODUCT_NAME = "$(TARGET_NAME)";
				SWIFT_VERSION = 5.0;
				TARGETED_DEVICE_FAMILY = "1,2";
				TEST_TARGET_NAME = ShakeAnimation;
			};
			name = Release;
		};
/* End XCBuildConfiguration section */

/* Begin XCConfigurationList section */
		9F642478240ED11400EC970A /* Build configuration list for PBXProject "ShakeAnimation" */ = {
			isa = XCConfigurationList;
			buildConfigurations = (
				9F6424A5240ED11B00EC970A /* Debug */,
				9F6424A6240ED11B00EC970A /* Release */,
			);
			defaultConfigurationIsVisible = 0;
			defaultConfigurationName = Release;
		};
		9F6424A7240ED11B00EC970A /* Build configuration list for PBXNativeTarget "ShakeAnimation" */ = {
			isa = XCConfigurationList;
			buildConfigurations = (
				9F6424A8240ED11B00EC970A /* Debug */,
				9F6424A9240ED11B00EC970A /* Release */,
			);
			defaultConfigurationIsVisible = 0;
			defaultConfigurationName = Release;
		};
		9F6424AA240ED11B00EC970A /* Build configuration list for PBXNativeTarget "ShakeAnimationTests" */ = {
			isa = XCConfigurationList;
			buildConfigurations = (
				9F6424AB240ED11B00EC970A /* Debug */,
				9F6424AC240ED11B00EC970A /* Release */,
			);
			defaultConfigurationIsVisible = 0;
			defaultConfigurationName = Release;
		};
		9F6424AD240ED11B00EC970A /* Build configuration list for PBXNativeTarget "ShakeAnimationUITests" */ = {
			isa = XCConfigurationList;
			buildConfigurations = (
				9F6424AE240ED11B00EC970A /* Debug */,
				9F6424AF240ED11B00EC970A /* Release */,
			);
			defaultConfigurationIsVisible = 0;
			defaultConfigurationName = Release;
		};
/* End XCConfigurationList section */
	};
	rootObject = 9F642475240ED11400EC970A /* Project object */;
}
